github.com/aws/aws-sdk-go-v2 v1.24.0 h1:890+mqQ+hTpNuw0gGP6/4akolQkSToDJgHfQE7AwGuk=
github.com/aws/aws-sdk-go-v2 v1.24.0/go.mod h1:LNh45Br1YAkEKaAqvmE1m8FUx6a5b/V0oAKV7of29b4=
github.com/aws/aws-sdk-go-v2 v1.26.1/go.mod h1:ffIFB97e2yNsv4aTSGkqtHnppsIJzw7G7BReUZ3jCXM=
github.com/aws/aws-sdk-go-v2 v1.27.0/go.mod h1:ffIFB97e2yNsv4aTSGkqtHnppsIJzw7G7BReUZ3jCXM=
github.com/aws/aws-sdk-go-v2/config v1.26.1 h1:z6DqMxclFGL3Zfo+4Q0rLnAZ6yVkzCRxhRMsiRQnD1o=
github.com/aws/aws-sdk-go-v2/config v1.26.1/go.mod h1:ZB+CuKHRbb5v5F0oJtGdhFTelmrxd4iWO1lf0rQwSAg=
github.com/aws/aws-sdk-go-v2/config v1.27.11/go.mod h1:SMsV78RIOYdve1vf36z8LmnszlRWkwMQtomCAI0/mIE=
github.com/aws/aws-sdk-go-v2/credentials v1.16.12 h1:v/WgB8NxprNvr5inKIiVVrXPuuTegM+K8nncFkr1usU=
github.com/aws/aws-sdk-go-v2/credentials v1.16.12/go.mod h1:X21k0FjEJe+/pauud82HYiQbEr9jRKY3kXEIQ4hXeTQ=
github.com/aws/aws-sdk-go-v2/credentials v1.17.11/go.mod h1:AQtFPsDH9bI2O+71anW6EKL+NcD7LG3dpKGMV4SShgo=
github.com/aws/aws-sdk-go-v2/feature/ec2/imds v1.14.10 h1:w98BT5w+ao1/r5sUuiH6JkVzjowOKeOJRHERyy1vh58=
github.com/aws/aws-sdk-go-v2/feature/ec2/imds v1.14.10/go.mod h1:K2WGI7vUvkIv1HoNbfBA1bvIZ+9kL3YVmWxeKuLQsiw=
github.com/aws/aws-sdk-go-v2/feature/ec2/imds v1.16.1/go.mod h1:zusuAeqezXzAB24LGuzuekqMAEgWkVYukBec3kr3jUg=
github.com/aws/aws-sdk-go-v2/internal/configsources v1.2.9 h1:v+HbZaCGmOwnTTVS86Fleq0vPzOd7tnJGbFhP0stNLs=
github.com/aws/aws-sdk-go-v2/internal/configsources v1.2.9/go.mod h1:Xjqy+Nyj7VDLBtCMkQYOw1QYfAEZCVLrfI0ezve8wd4=
github.com/aws/aws-sdk-go-v2/internal/configsources v1.3.5/go.mod h1:FSaRudD0dXiMPK2UjknVwwTYyZMRsHv3TtkabsZih5I=
github.com/aws/aws-sdk-go-v2/internal/endpoints/v2 v2.5.9 h1:N94sVhRACtXyVcjXxrwK1SKFIJrA9pOJ5yu2eSHnmls=
github.com/aws/aws-sdk-go-v2/internal/endpoints/v2 v2.5.9/go.mod h1:hqamLz7g1/4EJP+GH5NBhcUMLjW+gKLQabgyz6/7WAU=
github.com/aws/aws-sdk-go-v2/internal/endpoints/v2 v2.6.5/go.mod h1:jU1li6RFryMz+so64PpKtudI+QzbKoIEivqdf6LNpOc=
github.com/aws/aws-sdk-go-v2/internal/ini v1.7.2 h1:GrSw8s0Gs/5zZ0SX+gX4zQjRnRsMJDJ2sLur1gRBhEM=
github.com/aws/aws-sdk-go-v2/internal/ini v1.7.2/go.mod h1:6fQQgfuGmw8Al/3M2IgIllycxV7ZW7WCdVSqfBeUiCY=
github.com/aws/aws-sdk-go-v2/internal/ini v1.8.0/go.mod h1:8tu/lYfQfFe6IGnaOdrpVgEL2IrrDOf6/m9RQum4NkY=
github.com/aws/aws-sdk-go-v2/service/internal/accept-encoding v1.10.4 h1:/b31bi3YVNlkzkBrm9LfpaKoaYZUxIAj4sHfOTmLfqw=
github.com/aws/aws-sdk-go-v2/service/internal/accept-encoding v1.10.4/go.mod h1:2aGXHFmbInwgP9ZfpmdIfOELL79zhdNYNmReK8qDfdQ=
github.com/aws/aws-sdk-go-v2/service/internal/accept-encoding v1.11.2/go.mod h1:5CsjAbs3NlGQyZNFACh+zztPDI7fU6eW9QsxjfnuBKg=
github.com/aws/aws-sdk-go-v2/service/internal/presigned-url v1.10.9 h1:Nf2sHxjMJR8CSImIVCONRi4g0Su3J+TSTbS7G0pUeMU=
github.com/aws/aws-sdk-go-v2/service/internal/presigned-url v1.10.9/go.mod h1:idky4TER38YIjr2cADF1/ugFMKvZV7p//pVeV5LZbF0=
github.com/aws/aws-sdk-go-v2/service/internal/presigned-url v1.11.7/go.mod h1:YCsIZhXfRPLFFCl5xxY+1T9RKzOKjCut+28JSX2DnAk=
github.com/aws/aws-sdk-go-v2/service/secretsmanager v1.25.5 h1:qYi/BfDrWXZxlmRjlKCyFmtI4HKJwW8OKDKhKRAOZQI=
github.com/aws/aws-sdk-go-v2/service/secretsmanager v1.25.5/go.mod h1:4Ae1NCLK6ghmjzd45Tc33GgCKhUWD2ORAlULtMO1Cbs=
github.com/aws/aws-sdk-go-v2/service/secretsmanager v1.28.6/go.mod h1:3Ba++UwWd154xtP4FRX5pUK3Gt4up5sDHCve6kVfE+g=
github.com/aws/aws-sdk-go-v2/service/sso v1.18.5 h1:ldSFWz9tEHAwHNmjx2Cvy1MjP5/L9kNoR0skc6wyOOM=
github.com/aws/aws-sdk-go-v2/service/sso v1.18.5/go.mod h1:CaFfXLYL376jgbP7VKC96uFcU8Rlavak0UlAwk1Dlhc=
github.com/aws/aws-sdk-go-v2/service/sso v1.20.5/go.mod h1:qGzynb/msuZIE8I75DVRCUXw3o3ZyBmUvMwQ2t/BrGM=
github.com/aws/aws-sdk-go-v2/service/ssooidc v1.21.5 h1:2k9KmFawS63euAkY4/ixVNsYYwrwnd5fIvgEKkfZFNM=
github.com/aws/aws-sdk-go-v2/service/ssooidc v1.21.5/go.mod h1:W+nd4wWDVkSUIox9bacmkBP5NMFQeTJ/xqNabpzSR38=
github.com/aws/aws-sdk-go-v2/service/ssooidc v1.23.4/go.mod h1:mUYPBhaF2lGiukDEjJX2BLRRKTmoUSitGDUgM4tRxak=
github.com/aws/aws-sdk-go-v2/service/sts v1.26.5 h1:5UYvv8JUvllZsRnfrcMQ+hJ9jNICmcgKPAO1CER25Wg=
github.com/aws/aws-sdk-go-v2/service/sts v1.26.5/go.mod h1:XX5gh4CB7wAs4KhcF46G6C8a2i7eupU19dcAAE+EydU=
github.com/aws/aws-sdk-go-v2/service/sts v1.28.6/go.mod h1:FZf1/nKNEkHdGGJP/cI2MoIMquumuRK6ol3QQJNDxmw=
github.com/aws/smithy-go v1.19.0 h1:KWFKQV80DpP3vJrrA9sVAHQ5gc2z8i4EzrLhLlWXcBM=
github.com/aws/smithy-go v1.19.0/go.mod h1:NukqUGpCZIILqqiV0NIjeFh24kd/FAa4beRb6nbIUPE=
github.com/aws/smithy-go v1.20.2/go.mod h1:krry+ya/rV9RDcV/Q16kpu6ypI4K2czasz0NC3qS14E=
github.com/benbjohnson/clock v1.1.0 h1:Q92kusRqC1XV2MjkWETPvjJVqKetz1OzxZB7mHJLju8=
github.com/davecgh/go-spew v1.1.0/go.mod h1:J7Y8YcW2NihsgmVo/mv3lAwl/skON4iLHjSsI+c5H38=
github.com/davecgh/go-spew v1.1.1 h1:vj9j/u1bqnvCEfJOwUhtlOARqs3+rkHYY13jYWTU97c=
github.com/felixge/httpsnoop v1.0.2 h1:+nS9g82KMXccJ/wp0zyRW9ZBHFETmMGtkk+2CTTrW4o=
github.com/felixge/httpsnoop v1.0.2/go.mod h1:m8KPJKqk1gH5J9DgRY2ASl2lWCfGKXixSwevea8zH2U=
github.com/go-logr/logr v1.2.2/go.mod h1:jdQByPbusPIv2/zmleS9BjJVeZ6kBagPoEUsqbVz/1A=
github.com/go-logr/logr v1.2.3 h1:2DntVwHkVopvECVRSlL5PSo9eG+cAkDCuckLubN+rq0=
github.com/go-logr/logr v1.2.3/go.mod h1:jdQByPbusPIv2/zmleS9BjJVeZ6kBagPoEUsqbVz/1A=
github.com/go-logr/stdr v1.2.2 h1:hSWxHoqTgW2S2qGc0LTAI563KZ5YKYRhT3MFKZMbjag=
github.com/go-logr/stdr v1.2.2/go.mod h1:mMo/vtBO5dYbehREoey6XUKy/eSumjCCveDpRre4VKE=
github.com/go-sql-driver/mysql v1.5.0 h1:ozyZYNQW3x3HtqT1jira07DN2PArx2v7/mN66gGcHOs=
github.com/go-sql-driver/mysql v1.5.0/go.mod h1:DCzpHaOWr8IXmIStZouvnhqoel9Qv2LBy8hT2VhHyBg=
github.com/google/go-cmp v0.5.6/go.mod h1:v8dTdLbMG2kIc/vJvl+f65V22dbkXbowE6jgT/gNBxE=
github.com/google/go-cmp v0.5.9 h1:O2Tfq5qg4qc4AmwVlvv0oLiVAGB7enBSJ2x2DqQFi38=
github.com/google/go-cmp v0.5.9/go.mod h1:17dUlkBOakJ0+DkrSSNjCkIjxS6bF9zb3elmeNGIjoY=
github.com/jmoiron/sqlx v1.3.4 h1:wv+0IJZfL5z0uZoUjlpKgHkgaFSYD+r9CfrXjEXsO7w=
github.com/jmoiron/sqlx v1.3.4/go.mod h1:2BljVx/86SuTyjE+aPYlHCTNvZrnJXghYGpNiXLBMCQ=
github.com/lib/pq v1.2.0 h1:LXpIM/LZ5xGFhOpXAQUIMM1HdyqzVYM13zNdjCEEcA0=
github.com/lib/pq v1.2.0/go.mod h1:5WUZQaWbwv1U+lTReE5YruASi9Al49XbQIvNi/34Woo=
github.com/mattn/go-sqlite3 v1.14.6 h1:dNPt6NO46WmLVt2DLNpwczCmdV5boIZ6g/tlDrlRUbg=
github.com/mattn/go-sqlite3 v1.14.6/go.mod h1:NyWgC/yNuGj7Q9rpYnZvas74GogHl5/Z4A/KQRfk6bU=
github.com/pkg/errors v0.8.1 h1:iURUrRGxPUNPdy5/HRSm+Yj6okJ6UtLINN0Q9M4+h3I=
github.com/pmezard/go-difflib v1.0.0 h1:4DBwDE0NGyQoBHbLQYPwSUPoCMWR5BEzIk/f1lZbAQM=
github.com/pmezard/go-difflib v1.0.0/go.mod h1:iKH77koFhYxTK1pcRnkKkqfTogsbg7gZNVY4sRDYZ/4=
github.com/stretchr/objx v0.1.0/go.mod h1:HFkY916IF+rwdDfMAkV7OtwuqBVzrE8GR6GFx+wExME=
github.com/stretchr/testify v1.7.0/go.mod h1:6Fq8oRcR53rry900zMqJjRRixrwX3KX962/h/Wwjteg=
github.com/stretchr/testify v1.8.2 h1:+h33VjcLVPDHtOdpUCuF+7gSuG3yGIftsP1YvFihtJ8=
go.opentelemetry.io/contrib/instrumentation/net/http/otelhttp v0.25.0 h1:FIbb8m2PtTWjvXLHOEnXAoSmkaiXbg3fuvoZAjsAT3Q=
go.opentelemetry.io/contrib/instrumentation/net/http/otelhttp v0.25.0/go.mod h1:NyB05cd+yPX6W5SiRNuJ90w7PV2+g2cgRbsPL7MvpME=
go.opentelemetry.io/otel v1.0.1/go.mod h1:OPEOD4jIT2SlZPMmwT6FqZz2C0ZNdQqiWcoK6M0SNFU=
go.opentelemetry.io/otel v1.14.0 h1:/79Huy8wbf5DnIPhemGB+zEPVwnN6fuQybr/SRXa6hM=
go.opentelemetry.io/otel v1.14.0/go.mod h1:o4buv+dJzx8rohcUeRmWUZhqupFvzWis188WlggnNeU=
go.opentelemetry.io/otel/internal/metric v0.24.0 h1:O5lFy6kAl0LMWBjzy3k//M8VjEaTDWL9DPJuqZmWIAA=
go.opentelemetry.io/otel/internal/metric v0.24.0/go.mod h1:PSkQG+KuApZjBpC6ea6082ZrWUUy/w132tJ/LOU3TXk=
go.opentelemetry.io/otel/metric v0.24.0 h1:Rg4UYHS6JKR1Sw1TxnI13z7q/0p/XAbgIqUTagvLJuU=
go.opentelemetry.io/otel/metric v0.24.0/go.mod h1:tpMFnCD9t+BEGiWY2bWF5+AwjuAdM0lSowQ4SBA3/K4=
go.opentelemetry.io/otel/trace v1.0.1/go.mod h1:5g4i4fKLaX2BQpSBsxw8YYcgKpMMSW3x7ZTuYBr3sUk=
go.opentelemetry.io/otel/trace v1.14.0 h1:wp2Mmvj41tDsyAJXiWDWpfNsOiIyd38fy85pyKcFq/M=
go.opentelemetry.io/otel/trace v1.14.0/go.mod h1:8avnQLK+CG77yNLUae4ea2JDQ6iT+gozhnZjy/rw9G8=
go.uber.org/atomic v1.10.0 h1:9qC72Qh0+3MqyJbAn8YU5xVq1frD8bn3JtD2oXtafVQ=
go.uber.org/atomic v1.10.0/go.mod h1:LUxbIzbOniOlMKjJjyPfpl4v+PKK2cNJn91OQbhoJI0=
go.uber.org/goleak v1.1.11 h1:wy28qYRKZgnJTxGxvye5/wgWr1EKjmUDGYox5mGlRlI=
go.uber.org/multierr v1.11.0 h1:blXXJkSxSSfBVBlC76pxqeO+LN3aDfLQo+309xJstO0=
go.uber.org/multierr v1.11.0/go.mod h1:20+QtiLqy0Nd6FdQB9TLXag12DsQkrbs3htMFfDN80Y=
go.uber.org/zap v1.24.0 h1:FiJd5l1UOLj0wCgbSE0rwwXHzEdAZS6hiiSnxJN/D60=
go.uber.org/zap v1.24.0/go.mod h1:2kMP+WWQ8aoFoedH3T2sq6iJ2yDWpHbP0f6MQbS9Gkg=
golang.org/x/xerrors v0.0.0-20191204190536-9bdfabe68543/go.mod h1:I/5z698sn9Ka8TeJc9MKroUUfqBBauWjQqLJ2OPfmY0=
gopkg.in/check.v1 v0.0.0-20161208181325-20d25e280405/go.mod h1:Co6ibVJAznAaIkqp8huTwlJQCZ016jof/cbN4VW5Yz0=
gopkg.in/yaml.v3 v3.0.0-20200313102051-9f266ea9e77c/go.mod h1:K4uyk7z7BCEPqu6E+C64Yfv1cQ7kz7rIZviUmN+EgEM=
gopkg.in/yaml.v3 v3.0.1 h1:fxVm/GzAzEWqLHuvctI91KS9hhNmmWOoWu0XTYJS7CA=
